
Microsoft Visual Studio Solution File, Format Version 12.00
# Visual Studio Version 16
VisualStudioVersion = 16.0.30717.126
MinimumVisualStudioVersion = 10.0.40219.1
Project("{FAE04EC0-301F-11D3-BF4B-00C04F79EFBC}") = "Corretora", "Corretora.csproj", "{57CE896D-D232-4A25-91A0-EEEF872DF21A}"
EndProject
Global
	GlobalSection(SolutionConfigurationPlatforms) = preSolution
		Debug|Any CPU = Debug|Any CPU
		Release|Any CPU = Release|Any CPU
	EndGlobalSection
	GlobalSection(ProjectConfigurationPlatforms) = postSolution
		{57CE896D-D232-4A25-91A0-EEEF872DF21A}.Debug|Any CPU.ActiveCfg = Debug|Any CPU
		{57CE896D-D232-4A25-91A0-EEEF872DF21A}.Debug|Any CPU.Build.0 = Debug|Any CPU
		{57CE896D-D232-4A25-91A0-EEEF872DF21A}.Release|Any CPU.ActiveCfg = Release|Any CPU
		{57CE896D-D232-4A25-91A0-EEEF872DF21A}.Release|Any CPU.Build.0 = Release|Any CPU
	EndGlobalSection
	GlobalSection(SolutionProperties) = preSolution
		HideSolutionNode = FALSE
	EndGlobalSection
	GlobalSection(ExtensibilityGlobals) = postSolution
		SolutionGuid = {C4477FEB-5AD8-4516-B1E3-694C1F03C9C5}
	EndGlobalSection
EndGlobal
